
Microsoft Visual Studio Solution File, Format Version 12.00
# Visual Studio Version 17
VisualStudioVersion = 17.11.35219.272
MinimumVisualStudioVersion = 10.0.40219.1
Project("{9A19103F-16F7-4668-BE54-9A1E7A4F7556}") = "CarParkingBooking", "CarParkingBooking.csproj", "{C471F369-9E30-4254-9759-F21F931E8449}"
EndProject
Project("{2150E333-8FDC-42A3-9474-1A3956D46DE8}") = "src", "src", "{53C7E8C1-0B06-4629-8BBC-D0A9BF794E02}"
EndProject
Project("{9A19103F-16F7-4668-BE54-9A1E7A4F7556}") = "CarParkingSystem.Application", "..\CarParkingSystem.Application\CarParkingSystem.Application.csproj", "{0DB37468-19B4-4E16-B0BE-928BEE6318A1}"
EndProject
Project("{9A19103F-16F7-4668-BE54-9A1E7A4F7556}") = "CarParkingSystem.Domain", "..\CarParkingSystem.Domain\CarParkingSystem.Domain.csproj", "{0095B8D3-15D5-4FBA-AD9C-58CC73878C15}"
EndProject
Project("{9A19103F-16F7-4668-BE54-9A1E7A4F7556}") = "CarParkingSystem.Infrastructure", "..\CarParkingSystem.Infrastructure\CarParkingSystem.Infrastructure.csproj", "{CEE94F1A-13D2-469A-A651-A03F04E8A9CC}"
EndProject
Global
	GlobalSection(SolutionConfigurationPlatforms) = preSolution
		Debug|Any CPU = Debug|Any CPU
		Release|Any CPU = Release|Any CPU
	EndGlobalSection
	GlobalSection(ProjectConfigurationPlatforms) = postSolution
		{C471F369-9E30-4254-9759-F21F931E8449}.Debug|Any CPU.ActiveCfg = Debug|Any CPU
		{C471F369-9E30-4254-9759-F21F931E8449}.Debug|Any CPU.Build.0 = Debug|Any CPU
		{C471F369-9E30-4254-9759-F21F931E8449}.Release|Any CPU.ActiveCfg = Release|Any CPU
		{C471F369-9E30-4254-9759-F21F931E8449}.Release|Any CPU.Build.0 = Release|Any CPU
		{0DB37468-19B4-4E16-B0BE-928BEE6318A1}.Debug|Any CPU.ActiveCfg = Debug|Any CPU
		{0DB37468-19B4-4E16-B0BE-928BEE6318A1}.Debug|Any CPU.Build.0 = Debug|Any CPU
		{0DB37468-19B4-4E16-B0BE-928BEE6318A1}.Release|Any CPU.ActiveCfg = Release|Any CPU
		{0DB37468-19B4-4E16-B0BE-928BEE6318A1}.Release|Any CPU.Build.0 = Release|Any CPU
		{0095B8D3-15D5-4FBA-AD9C-58CC73878C15}.Debug|Any CPU.ActiveCfg = Debug|Any CPU
		{0095B8D3-15D5-4FBA-AD9C-58CC73878C15}.Debug|Any CPU.Build.0 = Debug|Any CPU
		{0095B8D3-15D5-4FBA-AD9C-58CC73878C15}.Release|Any CPU.ActiveCfg = Release|Any CPU
		{0095B8D3-15D5-4FBA-AD9C-58CC73878C15}.Release|Any CPU.Build.0 = Release|Any CPU
		{CEE94F1A-13D2-469A-A651-A03F04E8A9CC}.Debug|Any CPU.ActiveCfg = Debug|Any CPU
		{CEE94F1A-13D2-469A-A651-A03F04E8A9CC}.Debug|Any CPU.Build.0 = Debug|Any CPU
		{CEE94F1A-13D2-469A-A651-A03F04E8A9CC}.Release|Any CPU.ActiveCfg = Release|Any CPU
		{CEE94F1A-13D2-469A-A651-A03F04E8A9CC}.Release|Any CPU.Build.0 = Release|Any CPU
	EndGlobalSection
	GlobalSection(SolutionProperties) = preSolution
		HideSolutionNode = FALSE
	EndGlobalSection
	GlobalSection(NestedProjects) = preSolution
		{0DB37468-19B4-4E16-B0BE-928BEE6318A1} = {53C7E8C1-0B06-4629-8BBC-D0A9BF794E02}
		{0095B8D3-15D5-4FBA-AD9C-58CC73878C15} = {53C7E8C1-0B06-4629-8BBC-D0A9BF794E02}
		{CEE94F1A-13D2-469A-A651-A03F04E8A9CC} = {53C7E8C1-0B06-4629-8BBC-D0A9BF794E02}
	EndGlobalSection
	GlobalSection(ExtensibilityGlobals) = postSolution
		SolutionGuid = {3A74A352-05A9-49BB-91F7-BD24F01A679E}
	EndGlobalSection
EndGlobal
